<?xml version="1.0" encoding="UTF-8" standalone="yes" ?>
<CodeBlocks_project_file>
	<FileVersion major="1" minor="6" />
	<Project>
		<Option title="Game Boy" />
		<Option pch_mode="2" />
		<Option compiler="gcc" />
		<Build>
			<Target title="Debug">
				<Option output="bin/Debug/Game Boy" prefix_auto="1" extension_auto="1" />
				<Option object_output="obj/Debug/" />
				<Option type="1" />
				<Option compiler="gcc" />
				<Compiler>
					<Add option="-g" />
					<Add directory="Include" />
				</Compiler>
			</Target>
			<Target title="Release">
				<Option output="bin/Release/Game Boy" prefix_auto="1" extension_auto="1" />
				<Option object_output="obj/Release/" />
				<Option type="1" />
				<Option compiler="gcc" />
				<Compiler>
					<Add option="-O2" />
					<Add directory="Include" />
				</Compiler>
				<Linker>
					<Add option="-s" />
				</Linker>
			</Target>
		</Build>
		<Compiler>
			<Add option="-Wall" />
			<Add option="-fexceptions" />
		</Compiler>
		<Unit filename="Include/APU.h" />
		<Unit filename="Include/AudioOutput.h" />
		<Unit filename="Include/Bus.h" />
		<Unit filename="Include/CPU.h" />
		<Unit filename="Include/Cartridge.h" />
		<Unit filename="Include/EmulationSession.h" />
		<Unit filename="Include/Joypad.h" />
		<Unit filename="Include/Memory.h" />
		<Unit filename="Include/PPU.h" />
		<Unit filename="Include/Timer.h" />
		<Unit filename="Include/VideoOutput.h" />
		<Unit filename="src/APU.cpp" />
		<Unit filename="src/AudioOutput.cpp" />
		<Unit filename="src/Bus.cpp" />
		<Unit filename="src/CPU.cpp" />
		<Unit filename="src/Cartridge.cpp" />
		<Unit filename="src/EmulationSession.cpp" />
		<Unit filename="src/Joypad.cpp" />
		<Unit filename="src/Memory.cpp" />
		<Unit filename="src/PPU.cpp" />
		<Unit filename="src/Timer.cpp" />
		<Unit filename="src/VideoOutput.cpp" />
		<Unit filename="src/main.cpp" />
		<Extensions>
			<lib_finder disable_auto="1" />
		</Extensions>
	</Project>
</CodeBlocks_project_file>
